
Microsoft Visual Studio Solution File, Format Version 12.00
# Visual Studio 15
VisualStudioVersion = 15.0.27428.2002
MinimumVisualStudioVersion = 10.0.40219.1
Project("{FAE04EC0-301F-11D3-BF4B-00C04F79EFBC}") = "osu_indirect.Main", "osu_indirect.Main\osu_indirect.Main.csproj", "{01E04B8B-5F1B-4BC2-BF35-0F69E3D3E0AF}"
EndProject
Project("{FAE04EC0-301F-11D3-BF4B-00C04F79EFBC}") = "osu_indirect.Hook", "osu_indirect.Hook\osu_indirect.Hook.csproj", "{EBD2A138-B403-405C-BCD2-FD2E998D902A}"
EndProject
Global
	GlobalSection(SolutionConfigurationPlatforms) = preSolution
		Debug|Any CPU = Debug|Any CPU
		Release|Any CPU = Release|Any CPU
	EndGlobalSection
	GlobalSection(ProjectConfigurationPlatforms) = postSolution
		{01E04B8B-5F1B-4BC2-BF35-0F69E3D3E0AF}.Debug|Any CPU.ActiveCfg = Debug|Any CPU
		{01E04B8B-5F1B-4BC2-BF35-0F69E3D3E0AF}.Debug|Any CPU.Build.0 = Debug|Any CPU
		{01E04B8B-5F1B-4BC2-BF35-0F69E3D3E0AF}.Release|Any CPU.ActiveCfg = Release|Any CPU
		{01E04B8B-5F1B-4BC2-BF35-0F69E3D3E0AF}.Release|Any CPU.Build.0 = Release|Any CPU
		{EBD2A138-B403-405C-BCD2-FD2E998D902A}.Debug|Any CPU.ActiveCfg = Debug|Any CPU
		{EBD2A138-B403-405C-BCD2-FD2E998D902A}.Debug|Any CPU.Build.0 = Debug|Any CPU
		{EBD2A138-B403-405C-BCD2-FD2E998D902A}.Release|Any CPU.ActiveCfg = Release|Any CPU
		{EBD2A138-B403-405C-BCD2-FD2E998D902A}.Release|Any CPU.Build.0 = Release|Any CPU
	EndGlobalSection
	GlobalSection(SolutionProperties) = preSolution
		HideSolutionNode = FALSE
	EndGlobalSection
	GlobalSection(ExtensibilityGlobals) = postSolution
		SolutionGuid = {20899847-7D9D-4EC7-8EFB-40A669AA9264}
	EndGlobalSection
EndGlobal
